
Microsoft Visual Studio Solution File, Format Version 12.00
# Visual Studio Version 16
VisualStudioVersion = 16.0.30114.105
MinimumVisualStudioVersion = 10.0.40219.1
Project("{FAE04EC0-301F-11D3-BF4B-00C04F79EFBC}") = "DataQuery.LanguageExt.Sql", "DataQuery.LanguageExt.Sql\DataQuery.LanguageExt.Sql.csproj", "{A43B52E6-5310-414E-8987-222243A07C85}"
EndProject
Project("{2150E333-8FDC-42A3-9474-1A3956D46DE8}") = "Solution", "Solution", "{AEBA3976-6F22-45A7-9D75-CE8B81018C54}"
	ProjectSection(SolutionItems) = preProject
		..\README.md = ..\README.md
	EndProjectSection
EndProject
Project("{FAE04EC0-301F-11D3-BF4B-00C04F79EFBC}") = "DataQuery.LanguageExt", "DataQuery.LanguageExt\DataQuery.LanguageExt.csproj", "{31D4BDB7-8B37-43A7-AD52-DD9B070D84A4}"
EndProject
Project("{FAE04EC0-301F-11D3-BF4B-00C04F79EFBC}") = "DataQuery.LanguageExt.SourceGenerator", "DataQuery.LanguageExt.SourceGenerator\DataQuery.LanguageExt.SourceGenerator.csproj", "{1040E0A4-E11B-4A82-A515-8C52A37C9FAD}"
EndProject
Project("{FAE04EC0-301F-11D3-BF4B-00C04F79EFBC}") = "ConsoleApp1", "ConsoleApp1\ConsoleApp1.csproj", "{C0E222DF-BF50-4DAD-8877-44A395DD5635}"
EndProject
Project("{FAE04EC0-301F-11D3-BF4B-00C04F79EFBC}") = "DataQuery.LanguageExt.Tests", "DataQuery.LanguageExt.Tests\DataQuery.LanguageExt.Tests.csproj", "{6F6C03E3-1EEA-4D6B-BFAA-2AD417AA38E3}"
EndProject
Global
	GlobalSection(SolutionConfigurationPlatforms) = preSolution
		Debug|Any CPU = Debug|Any CPU
		Release|Any CPU = Release|Any CPU
	EndGlobalSection
	GlobalSection(SolutionProperties) = preSolution
		HideSolutionNode = FALSE
	EndGlobalSection
	GlobalSection(ProjectConfigurationPlatforms) = postSolution
		{A43B52E6-5310-414E-8987-222243A07C85}.Debug|Any CPU.ActiveCfg = Debug|Any CPU
		{A43B52E6-5310-414E-8987-222243A07C85}.Debug|Any CPU.Build.0 = Debug|Any CPU
		{A43B52E6-5310-414E-8987-222243A07C85}.Release|Any CPU.ActiveCfg = Release|Any CPU
		{A43B52E6-5310-414E-8987-222243A07C85}.Release|Any CPU.Build.0 = Release|Any CPU
		{31D4BDB7-8B37-43A7-AD52-DD9B070D84A4}.Debug|Any CPU.ActiveCfg = Debug|Any CPU
		{31D4BDB7-8B37-43A7-AD52-DD9B070D84A4}.Debug|Any CPU.Build.0 = Debug|Any CPU
		{31D4BDB7-8B37-43A7-AD52-DD9B070D84A4}.Release|Any CPU.ActiveCfg = Release|Any CPU
		{31D4BDB7-8B37-43A7-AD52-DD9B070D84A4}.Release|Any CPU.Build.0 = Release|Any CPU
		{1040E0A4-E11B-4A82-A515-8C52A37C9FAD}.Debug|Any CPU.ActiveCfg = Debug|Any CPU
		{1040E0A4-E11B-4A82-A515-8C52A37C9FAD}.Debug|Any CPU.Build.0 = Debug|Any CPU
		{1040E0A4-E11B-4A82-A515-8C52A37C9FAD}.Release|Any CPU.ActiveCfg = Release|Any CPU
		{1040E0A4-E11B-4A82-A515-8C52A37C9FAD}.Release|Any CPU.Build.0 = Release|Any CPU
		{C0E222DF-BF50-4DAD-8877-44A395DD5635}.Debug|Any CPU.ActiveCfg = Debug|Any CPU
		{C0E222DF-BF50-4DAD-8877-44A395DD5635}.Debug|Any CPU.Build.0 = Debug|Any CPU
		{C0E222DF-BF50-4DAD-8877-44A395DD5635}.Release|Any CPU.ActiveCfg = Release|Any CPU
		{C0E222DF-BF50-4DAD-8877-44A395DD5635}.Release|Any CPU.Build.0 = Release|Any CPU
		{6F6C03E3-1EEA-4D6B-BFAA-2AD417AA38E3}.Debug|Any CPU.ActiveCfg = Debug|Any CPU
		{6F6C03E3-1EEA-4D6B-BFAA-2AD417AA38E3}.Debug|Any CPU.Build.0 = Debug|Any CPU
		{6F6C03E3-1EEA-4D6B-BFAA-2AD417AA38E3}.Release|Any CPU.ActiveCfg = Release|Any CPU
		{6F6C03E3-1EEA-4D6B-BFAA-2AD417AA38E3}.Release|Any CPU.Build.0 = Release|Any CPU
	EndGlobalSection
EndGlobal
